
Microsoft Visual Studio Solution File, Format Version 12.00
# Visual Studio Version 17
VisualStudioVersion = 17.6.33815.320
MinimumVisualStudioVersion = 10.0.40219.1
Project("{FAE04EC0-301F-11D3-BF4B-00C04F79EFBC}") = "MvcCv", "MvcCv\MvcCv.csproj", "{05CCFDFA-7590-4F4E-A9BD-F285B543D76F}"
EndProject
Global
	GlobalSection(SolutionConfigurationPlatforms) = preSolution
		Debug|Any CPU = Debug|Any CPU
		Release|Any CPU = Release|Any CPU
	EndGlobalSection
	GlobalSection(ProjectConfigurationPlatforms) = postSolution
		{05CCFDFA-7590-4F4E-A9BD-F285B543D76F}.Debug|Any CPU.ActiveCfg = Debug|Any CPU
		{05CCFDFA-7590-4F4E-A9BD-F285B543D76F}.Debug|Any CPU.Build.0 = Debug|Any CPU
		{05CCFDFA-7590-4F4E-A9BD-F285B543D76F}.Release|Any CPU.ActiveCfg = Release|Any CPU
		{05CCFDFA-7590-4F4E-A9BD-F285B543D76F}.Release|Any CPU.Build.0 = Release|Any CPU
	EndGlobalSection
	GlobalSection(SolutionProperties) = preSolution
		HideSolutionNode = FALSE
	EndGlobalSection
	GlobalSection(ExtensibilityGlobals) = postSolution
		SolutionGuid = {1EA2649D-CAB1-431F-B864-A115CF2CA777}
	EndGlobalSection
EndGlobal
